
Microsoft Visual Studio Solution File, Format Version 12.00
# Visual Studio Version 17
VisualStudioVersion = 17.9.34701.34
MinimumVisualStudioVersion = 10.0.40219.1
Project("{FAE04EC0-301F-11D3-BF4B-00C04F79EFBC}") = "A4VarsanJeyakkumar", "A4VarsanJeyakkumar\A4VarsanJeyakkumar.csproj", "{66DFC769-FB8C-454D-B172-C9EDA322EAE1}"
EndProject
Global
	GlobalSection(SolutionConfigurationPlatforms) = preSolution
		Debug|Any CPU = Debug|Any CPU
		Release|Any CPU = Release|Any CPU
	EndGlobalSection
	GlobalSection(ProjectConfigurationPlatforms) = postSolution
		{66DFC769-FB8C-454D-B172-C9EDA322EAE1}.Debug|Any CPU.ActiveCfg = Debug|Any CPU
		{66DFC769-FB8C-454D-B172-C9EDA322EAE1}.Debug|Any CPU.Build.0 = Debug|Any CPU
		{66DFC769-FB8C-454D-B172-C9EDA322EAE1}.Release|Any CPU.ActiveCfg = Release|Any CPU
		{66DFC769-FB8C-454D-B172-C9EDA322EAE1}.Release|Any CPU.Build.0 = Release|Any CPU
	EndGlobalSection
	GlobalSection(SolutionProperties) = preSolution
		HideSolutionNode = FALSE
	EndGlobalSection
	GlobalSection(ExtensibilityGlobals) = postSolution
		SolutionGuid = {D80CF1E3-5483-4780-AD62-FE78F033E8F9}
	EndGlobalSection
EndGlobal
